
Microsoft Visual Studio Solution File, Format Version 11.00
# Visual Studio 2010
Project("{FAE04EC0-301F-11D3-BF4B-00C04F79EFBC}") = "signal-compiler", "signal-compiler\signal-compiler.csproj", "{7699C153-8FC3-4680-8A72-09ED6B3C14B4}"
EndProject
Global
	GlobalSection(SolutionConfigurationPlatforms) = preSolution
		Debug|x86 = Debug|x86
		Release|x86 = Release|x86
	EndGlobalSection
	GlobalSection(ProjectConfigurationPlatforms) = postSolution
		{7699C153-8FC3-4680-8A72-09ED6B3C14B4}.Debug|x86.ActiveCfg = Debug|x86
		{7699C153-8FC3-4680-8A72-09ED6B3C14B4}.Debug|x86.Build.0 = Debug|x86
		{7699C153-8FC3-4680-8A72-09ED6B3C14B4}.Release|x86.ActiveCfg = Release|x86
		{7699C153-8FC3-4680-8A72-09ED6B3C14B4}.Release|x86.Build.0 = Release|x86
	EndGlobalSection
	GlobalSection(MonoDevelopProperties) = preSolution
		StartupItem = signal-compiler\signal-compiler.csproj
	EndGlobalSection
EndGlobal
